
Microsoft Visual Studio Solution File, Format Version 12.00
# Visual Studio Version 16
VisualStudioVersion = 16.0.31129.286
MinimumVisualStudioVersion = 10.0.40219.1
Project("{FAE04EC0-301F-11D3-BF4B-00C04F79EFBC}") = "Zadanie1MIW", "Zadanie1MIW.csproj", "{A3D8B36A-4F9D-4E3E-B6C1-616A8EC02332}"
EndProject
Global
	GlobalSection(SolutionConfigurationPlatforms) = preSolution
		Debug|Any CPU = Debug|Any CPU
		Release|Any CPU = Release|Any CPU
	EndGlobalSection
	GlobalSection(ProjectConfigurationPlatforms) = postSolution
		{A3D8B36A-4F9D-4E3E-B6C1-616A8EC02332}.Debug|Any CPU.ActiveCfg = Debug|Any CPU
		{A3D8B36A-4F9D-4E3E-B6C1-616A8EC02332}.Debug|Any CPU.Build.0 = Debug|Any CPU
		{A3D8B36A-4F9D-4E3E-B6C1-616A8EC02332}.Release|Any CPU.ActiveCfg = Release|Any CPU
		{A3D8B36A-4F9D-4E3E-B6C1-616A8EC02332}.Release|Any CPU.Build.0 = Release|Any CPU
	EndGlobalSection
	GlobalSection(SolutionProperties) = preSolution
		HideSolutionNode = FALSE
	EndGlobalSection
	GlobalSection(ExtensibilityGlobals) = postSolution
		SolutionGuid = {EDCADB7D-7C13-43A2-AAC0-BBF5CDF02D34}
	EndGlobalSection
EndGlobal
